
Microsoft Visual Studio Solution File, Format Version 12.00
# Visual Studio 15
VisualStudioVersion = 15.0.27428.2027
MinimumVisualStudioVersion = 10.0.40219.1
Project("{FAE04EC0-301F-11D3-BF4B-00C04F79EFBC}") = "EmployeeServiceV3", "EmployeeServiceV3\EmployeeServiceV3.csproj", "{8BA811C3-2276-4834-8583-D7190FB195FF}"
EndProject
Global
	GlobalSection(SolutionConfigurationPlatforms) = preSolution
		Debug|Any CPU = Debug|Any CPU
		Release|Any CPU = Release|Any CPU
	EndGlobalSection
	GlobalSection(ProjectConfigurationPlatforms) = postSolution
		{8BA811C3-2276-4834-8583-D7190FB195FF}.Debug|Any CPU.ActiveCfg = Debug|Any CPU
		{8BA811C3-2276-4834-8583-D7190FB195FF}.Debug|Any CPU.Build.0 = Debug|Any CPU
		{8BA811C3-2276-4834-8583-D7190FB195FF}.Release|Any CPU.ActiveCfg = Release|Any CPU
		{8BA811C3-2276-4834-8583-D7190FB195FF}.Release|Any CPU.Build.0 = Release|Any CPU
	EndGlobalSection
	GlobalSection(SolutionProperties) = preSolution
		HideSolutionNode = FALSE
	EndGlobalSection
	GlobalSection(ExtensibilityGlobals) = postSolution
		SolutionGuid = {A265044C-A8C7-47E5-AE82-B78E07A5FDA5}
	EndGlobalSection
EndGlobal
